// !$*UTF8*$!
{
	archiveVersion = 1;
	classes = {
	};
	objectVersion = 50;
	objects = {

/* Begin PBXBuildFile section */
		53D7C36624A15C420048F45F /* KSPinClusterManager.framework in Frameworks */ = {isa = PBXBuildFile; fileRef = 53D7C35C24A15C420048F45F /* KSPinClusterManager.framework */; };
		53D7C36D24A15C420048F45F /* KSPinClusterManager.h in Headers */ = {isa = PBXBuildFile; fileRef = 53D7C35F24A15C420048F45F /* KSPinClusterManager.h */; settings = {ATTRIBUTES = (Public, ); }; };
		53D7C37824A15CA50048F45F /* Pin.swift in Sources */ = {isa = PBXBuildFile; fileRef = 53D7C37724A15CA50048F45F /* Pin.swift */; };
		53D7C37C24A15CBE0048F45F /* KSGeometry.framework in Frameworks */ = {isa = PBXBuildFile; fileRef = 53D7C37A24A15CBE0048F45F /* KSGeometry.framework */; };
		53D7C37E24A15CBE0048F45F /* KSQuadTree.framework in Frameworks */ = {isa = PBXBuildFile; fileRef = 53D7C37B24A15CBE0048F45F /* KSQuadTree.framework */; };
		53D7C38224A15D550048F45F /* Cluster.swift in Sources */ = {isa = PBXBuildFile; fileRef = 53D7C38124A15D550048F45F /* Cluster.swift */; };
		53D7C38424A15E960048F45F /* ClusterManager.swift in Sources */ = {isa = PBXBuildFile; fileRef = 53D7C38324A15E960048F45F /* ClusterManager.swift */; };
		53D7C38624A2131D0048F45F /* PinTestCase.swift in Sources */ = {isa = PBXBuildFile; fileRef = 53D7C38524A2131D0048F45F /* PinTestCase.swift */; };
		53D7C38824A216170048F45F /* ClusterTestCase.swift in Sources */ = {isa = PBXBuildFile; fileRef = 53D7C38724A216170048F45F /* ClusterTestCase.swift */; };
		53D7C38A24A21A9F0048F45F /* ClusterManagerTestCase.swift in Sources */ = {isa = PBXBuildFile; fileRef = 53D7C38924A21A9F0048F45F /* ClusterManagerTestCase.swift */; };
		53F12B1724A71B8D001E02A9 /* .gitignore in Resources */ = {isa = PBXBuildFile; fileRef = 53F12B1624A71B8D001E02A9 /* .gitignore */; };
/* End PBXBuildFile section */

/* Begin PBXContainerItemProxy section */
		53D7C36724A15C420048F45F /* PBXContainerItemProxy */ = {
			isa = PBXContainerItemProxy;
			containerPortal = 53D7C35324A15C420048F45F /* Project object */;
			proxyType = 1;
			remoteGlobalIDString = 53D7C35B24A15C420048F45F;
			remoteInfo = KSPinClusterManager;
		};
/* End PBXContainerItemProxy section */

/* Begin PBXFileReference section */
		53D7C35C24A15C420048F45F /* KSPinClusterManager.framework */ = {isa = PBXFileReference; explicitFileType = wrapper.framework; includeInIndex = 0; path = KSPinClusterManager.framework; sourceTree = BUILT_PRODUCTS_DIR; };
		53D7C35F24A15C420048F45F /* KSPinClusterManager.h */ = {isa = PBXFileReference; lastKnownFileType = sourcecode.c.h; path = KSPinClusterManager.h; sourceTree = "<group>"; };
		53D7C36024A15C420048F45F /* Info.plist */ = {isa = PBXFileReference; lastKnownFileType = text.plist.xml; path = Info.plist; sourceTree = "<group>"; };
		53D7C36524A15C420048F45F /* KSPinClusterManagerTests.xctest */ = {isa = PBXFileReference; explicitFileType = wrapper.cfbundle; includeInIndex = 0; path = KSPinClusterManagerTests.xctest; sourceTree = BUILT_PRODUCTS_DIR; };
		53D7C36C24A15C420048F45F /* Info.plist */ = {isa = PBXFileReference; lastKnownFileType = text.plist.xml; path = Info.plist; sourceTree = "<group>"; };
		53D7C37724A15CA50048F45F /* Pin.swift */ = {isa = PBXFileReference; lastKnownFileType = sourcecode.swift; path = Pin.swift; sourceTree = "<group>"; };
		53D7C37A24A15CBE0048F45F /* KSGeometry.framework */ = {isa = PBXFileReference; explicitFileType = wrapper.framework; path = KSGeometry.framework; sourceTree = BUILT_PRODUCTS_DIR; };
		53D7C37B24A15CBE0048F45F /* KSQuadTree.framework */ = {isa = PBXFileReference; explicitFileType = wrapper.framework; path = KSQuadTree.framework; sourceTree = BUILT_PRODUCTS_DIR; };
		53D7C38124A15D550048F45F /* Cluster.swift */ = {isa = PBXFileReference; lastKnownFileType = sourcecode.swift; path = Cluster.swift; sourceTree = "<group>"; };
		53D7C38324A15E960048F45F /* ClusterManager.swift */ = {isa = PBXFileReference; lastKnownFileType = sourcecode.swift; path = ClusterManager.swift; sourceTree = "<group>"; };
		53D7C38524A2131D0048F45F /* PinTestCase.swift */ = {isa = PBXFileReference; lastKnownFileType = sourcecode.swift; path = PinTestCase.swift; sourceTree = "<group>"; };
		53D7C38724A216170048F45F /* ClusterTestCase.swift */ = {isa = PBXFileReference; lastKnownFileType = sourcecode.swift; path = ClusterTestCase.swift; sourceTree = "<group>"; };
		53D7C38924A21A9F0048F45F /* ClusterManagerTestCase.swift */ = {isa = PBXFileReference; lastKnownFileType = sourcecode.swift; path = ClusterManagerTestCase.swift; sourceTree = "<group>"; };
		53F12B0C24A71AD4001E02A9 /* LICENSE */ = {isa = PBXFileReference; lastKnownFileType = text; path = LICENSE; sourceTree = "<group>"; };
		53F12B1024A71B64001E02A9 /* README.md */ = {isa = PBXFileReference; lastKnownFileType = net.daringfireball.markdown; path = README.md; sourceTree = "<group>"; };
		53F12B1624A71B8D001E02A9 /* .gitignore */ = {isa = PBXFileReference; fileEncoding = 4; lastKnownFileType = text; path = .gitignore; sourceTree = "<group>"; };
/* End PBXFileReference section */

/* Begin PBXFrameworksBuildPhase section */
		53D7C35924A15C420048F45F /* Frameworks */ = {
			isa = PBXFrameworksBuildPhase;
			buildActionMask = 2147483647;
			files = (
				53D7C37C24A15CBE0048F45F /* KSGeometry.framework in Frameworks */,
				53D7C37E24A15CBE0048F45F /* KSQuadTree.framework in Frameworks */,
			);
			runOnlyForDeploymentPostprocessing = 0;
		};
		53D7C36224A15C420048F45F /* Frameworks */ = {
			isa = PBXFrameworksBuildPhase;
			buildActionMask = 2147483647;
			files = (
				53D7C36624A15C420048F45F /* KSPinClusterManager.framework in Frameworks */,
			);
			runOnlyForDeploymentPostprocessing = 0;
		};
/* End PBXFrameworksBuildPhase section */

/* Begin PBXGroup section */
		53D7C35224A15C420048F45F = {
			isa = PBXGroup;
			children = (
				53F12B1624A71B8D001E02A9 /* .gitignore */,
				53F12B1024A71B64001E02A9 /* README.md */,
				53F12B0C24A71AD4001E02A9 /* LICENSE */,
				53D7C35E24A15C420048F45F /* KSPinClusterManager */,
				53D7C36924A15C420048F45F /* KSPinClusterManagerTests */,
				53D7C35D24A15C420048F45F /* Products */,
				53D7C37924A15CBE0048F45F /* Frameworks */,
			);
			sourceTree = "<group>";
		};
		53D7C35D24A15C420048F45F /* Products */ = {
			isa = PBXGroup;
			children = (
				53D7C35C24A15C420048F45F /* KSPinClusterManager.framework */,
				53D7C36524A15C420048F45F /* KSPinClusterManagerTests.xctest */,
			);
			name = Products;
			sourceTree = "<group>";
		};
		53D7C35E24A15C420048F45F /* KSPinClusterManager */ = {
			isa = PBXGroup;
			children = (
				53D7C37624A15C550048F45F /* source */,
				53D7C35F24A15C420048F45F /* KSPinClusterManager.h */,
				53D7C36024A15C420048F45F /* Info.plist */,
			);
			path = KSPinClusterManager;
			sourceTree = "<group>";
		};
		53D7C36924A15C420048F45F /* KSPinClusterManagerTests */ = {
			isa = PBXGroup;
			children = (
				53D7C38924A21A9F0048F45F /* ClusterManagerTestCase.swift */,
				53D7C38724A216170048F45F /* ClusterTestCase.swift */,
				53D7C38524A2131D0048F45F /* PinTestCase.swift */,
				53D7C36C24A15C420048F45F /* Info.plist */,
			);
			path = KSPinClusterManagerTests;
			sourceTree = "<group>";
		};
		53D7C37624A15C550048F45F /* source */ = {
			isa = PBXGroup;
			children = (
				53D7C37724A15CA50048F45F /* Pin.swift */,
				53D7C38124A15D550048F45F /* Cluster.swift */,
				53D7C38324A15E960048F45F /* ClusterManager.swift */,
			);
			path = source;
			sourceTree = "<group>";
		};
		53D7C37924A15CBE0048F45F /* Frameworks */ = {
			isa = PBXGroup;
			children = (
				53D7C37A24A15CBE0048F45F /* KSGeometry.framework */,
				53D7C37B24A15CBE0048F45F /* KSQuadTree.framework */,
			);
			name = Frameworks;
			sourceTree = "<group>";
		};
/* End PBXGroup section */

/* Begin PBXHeadersBuildPhase section */
		53D7C35724A15C420048F45F /* Headers */ = {
			isa = PBXHeadersBuildPhase;
			buildActionMask = 2147483647;
			files = (
				53D7C36D24A15C420048F45F /* KSPinClusterManager.h in Headers */,
			);
			runOnlyForDeploymentPostprocessing = 0;
		};
/* End PBXHeadersBuildPhase section */

/* Begin PBXNativeTarget section */
		53D7C35B24A15C420048F45F /* KSPinClusterManager */ = {
			isa = PBXNativeTarget;
			buildConfigurationList = 53D7C37024A15C420048F45F /* Build configuration list for PBXNativeTarget "KSPinClusterManager" */;
			buildPhases = (
				53D7C35724A15C420048F45F /* Headers */,
				53D7C35824A15C420048F45F /* Sources */,
				53D7C35924A15C420048F45F /* Frameworks */,
				53D7C35A24A15C420048F45F /* Resources */,
			);
			buildRules = (
			);
			dependencies = (
			);
			name = KSPinClusterManager;
			productName = KSPinClusterManager;
			productReference = 53D7C35C24A15C420048F45F /* KSPinClusterManager.framework */;
			productType = "com.apple.product-type.framework";
		};
		53D7C36424A15C420048F45F /* KSPinClusterManagerTests */ = {
			isa = PBXNativeTarget;
			buildConfigurationList = 53D7C37324A15C420048F45F /* Build configuration list for PBXNativeTarget "KSPinClusterManagerTests" */;
			buildPhases = (
				53D7C36124A15C420048F45F /* Sources */,
				53D7C36224A15C420048F45F /* Frameworks */,
				53D7C36324A15C420048F45F /* Resources */,
			);
			buildRules = (
			);
			dependencies = (
				53D7C36824A15C420048F45F /* PBXTargetDependency */,
			);
			name = KSPinClusterManagerTests;
			productName = KSPinClusterManagerTests;
			productReference = 53D7C36524A15C420048F45F /* KSPinClusterManagerTests.xctest */;
			productType = "com.apple.product-type.bundle.unit-test";
		};
/* End PBXNativeTarget section */

/* Begin PBXProject section */
		53D7C35324A15C420048F45F /* Project object */ = {
			isa = PBXProject;
			attributes = {
				LastSwiftUpdateCheck = 1150;
				LastUpgradeCheck = 1150;
				ORGANIZATIONNAME = "Keith Staines";
				TargetAttributes = {
					53D7C35B24A15C420048F45F = {
						CreatedOnToolsVersion = 11.5;
						LastSwiftMigration = 1150;
					};
					53D7C36424A15C420048F45F = {
						CreatedOnToolsVersion = 11.5;
					};
				};
			};
			buildConfigurationList = 53D7C35624A15C420048F45F /* Build configuration list for PBXProject "KSPinClusterManager" */;
			compatibilityVersion = "Xcode 9.3";
			developmentRegion = en;
			hasScannedForEncodings = 0;
			knownRegions = (
				en,
				Base,
			);
			mainGroup = 53D7C35224A15C420048F45F;
			productRefGroup = 53D7C35D24A15C420048F45F /* Products */;
			projectDirPath = "";
			projectRoot = "";
			targets = (
				53D7C35B24A15C420048F45F /* KSPinClusterManager */,
				53D7C36424A15C420048F45F /* KSPinClusterManagerTests */,
			);
		};
/* End PBXProject section */

/* Begin PBXResourcesBuildPhase section */
		53D7C35A24A15C420048F45F /* Resources */ = {
			isa = PBXResourcesBuildPhase;
			buildActionMask = 2147483647;
			files = (
				53F12B1724A71B8D001E02A9 /* .gitignore in Resources */,
			);
			runOnlyForDeploymentPostprocessing = 0;
		};
		53D7C36324A15C420048F45F /* Resources */ = {
			isa = PBXResourcesBuildPhase;
			buildActionMask = 2147483647;
			files = (
			);
			runOnlyForDeploymentPostprocessing = 0;
		};
/* End PBXResourcesBuildPhase section */

/* Begin PBXSourcesBuildPhase section */
		53D7C35824A15C420048F45F /* Sources */ = {
			isa = PBXSourcesBuildPhase;
			buildActionMask = 2147483647;
			files = (
				53D7C38224A15D550048F45F /* Cluster.swift in Sources */,
				53D7C37824A15CA50048F45F /* Pin.swift in Sources */,
				53D7C38424A15E960048F45F /* ClusterManager.swift in Sources */,
			);
			runOnlyForDeploymentPostprocessing = 0;
		};
		53D7C36124A15C420048F45F /* Sources */ = {
			isa = PBXSourcesBuildPhase;
			buildActionMask = 2147483647;
			files = (
				53D7C38824A216170048F45F /* ClusterTestCase.swift in Sources */,
				53D7C38A24A21A9F0048F45F /* ClusterManagerTestCase.swift in Sources */,
				53D7C38624A2131D0048F45F /* PinTestCase.swift in Sources */,
			);
			runOnlyForDeploymentPostprocessing = 0;
		};
/* End PBXSourcesBuildPhase section */

/* Begin PBXTargetDependency section */
		53D7C36824A15C420048F45F /* PBXTargetDependency */ = {
			isa = PBXTargetDependency;
			target = 53D7C35B24A15C420048F45F /* KSPinClusterManager */;
			targetProxy = 53D7C36724A15C420048F45F /* PBXContainerItemProxy */;
		};
/* End PBXTargetDependency section */

/* Begin XCBuildConfiguration section */
		53D7C36E24A15C420048F45F /* Debug */ = {
			isa = XCBuildConfiguration;
			buildSettings = {
				ALWAYS_SEARCH_USER_PATHS = NO;
				CLANG_ANALYZER_NONNULL = YES;
				CLANG_ANALYZER_NUMBER_OBJECT_CONVERSION = YES_AGGRESSIVE;
				CLANG_CXX_LANGUAGE_STANDARD = "gnu++14";
				CLANG_CXX_LIBRARY = "libc++";
				CLANG_ENABLE_MODULES = YES;
				CLANG_ENABLE_OBJC_ARC = YES;
				CLANG_ENABLE_OBJC_WEAK = YES;
				CLANG_WARN_BLOCK_CAPTURE_AUTORELEASING = YES;
				CLANG_WARN_BOOL_CONVERSION = YES;
				CLANG_WARN_COMMA = YES;
				CLANG_WARN_CONSTANT_CONVERSION = YES;
				CLANG_WARN_DEPRECATED_OBJC_IMPLEMENTATIONS = YES;
				CLANG_WARN_DIRECT_OBJC_ISA_USAGE = YES_ERROR;
				CLANG_WARN_DOCUMENTATION_COMMENTS = YES;
				CLANG_WARN_EMPTY_BODY = YES;
				CLANG_WARN_ENUM_CONVERSION = YES;
				CLANG_WARN_INFINITE_RECURSION = YES;
				CLANG_WARN_INT_CONVERSION = YES;
				CLANG_WARN_NON_LITERAL_NULL_CONVERSION = YES;
				CLANG_WARN_OBJC_IMPLICIT_RETAIN_SELF = YES;
				CLANG_WARN_OBJC_LITERAL_CONVERSION = YES;
				CLANG_WARN_OBJC_ROOT_CLASS = YES_ERROR;
				CLANG_WARN_RANGE_LOOP_ANALYSIS = YES;
				CLANG_WARN_STRICT_PROTOTYPES = YES;
				CLANG_WARN_SUSPICIOUS_MOVE = YES;
				CLANG_WARN_UNGUARDED_AVAILABILITY = YES_AGGRESSIVE;
				CLANG_WARN_UNREACHABLE_CODE = YES;
				CLANG_WARN__DUPLICATE_METHOD_MATCH = YES;
				COPY_PHASE_STRIP = NO;
				CURRENT_PROJECT_VERSION = 1;
				DEBUG_INFORMATION_FORMAT = dwarf;
				ENABLE_STRICT_OBJC_MSGSEND = YES;
				ENABLE_TESTABILITY = YES;
				GCC_C_LANGUAGE_STANDARD = gnu11;
				GCC_DYNAMIC_NO_PIC = NO;
				GCC_NO_COMMON_BLOCKS = YES;
				GCC_OPTIMIZATION_LEVEL = 0;
				GCC_PREPROCESSOR_DEFINITIONS = (
					"DEBUG=1",
					"$(inherited)",
				);
				GCC_WARN_64_TO_32_BIT_CONVERSION = YES;
				GCC_WARN_ABOUT_RETURN_TYPE = YES_ERROR;
				GCC_WARN_UNDECLARED_SELECTOR = YES;
				GCC_WARN_UNINITIALIZED_AUTOS = YES_AGGRESSIVE;
				GCC_WARN_UNUSED_FUNCTION = YES;
				GCC_WARN_UNUSED_VARIABLE = YES;
				IPHONEOS_DEPLOYMENT_TARGET = 11.0;
				MTL_ENABLE_DEBUG_INFO = INCLUDE_SOURCE;
				MTL_FAST_MATH = YES;
				ONLY_ACTIVE_ARCH = YES;
				SDKROOT = iphoneos;
				SWIFT_ACTIVE_COMPILATION_CONDITIONS = DEBUG;
				SWIFT_OPTIMIZATION_LEVEL = "-Onone";
				VERSIONING_SYSTEM = "apple-generic";
				VERSION_INFO_PREFIX = "";
			};
			name = Debug;
		};
		53D7C36F24A15C420048F45F /* Release */ = {
			isa = XCBuildConfiguration;
			buildSettings = {
				ALWAYS_SEARCH_USER_PATHS = NO;
				CLANG_ANALYZER_NONNULL = YES;
				CLANG_ANALYZER_NUMBER_OBJECT_CONVERSION = YES_AGGRESSIVE;
				CLANG_CXX_LANGUAGE_STANDARD = "gnu++14";
				CLANG_CXX_LIBRARY = "libc++";
				CLANG_ENABLE_MODULES = YES;
				CLANG_ENABLE_OBJC_ARC = YES;
				CLANG_ENABLE_OBJC_WEAK = YES;
				CLANG_WARN_BLOCK_CAPTURE_AUTORELEASING = YES;
				CLANG_WARN_BOOL_CONVERSION = YES;
				CLANG_WARN_COMMA = YES;
				CLANG_WARN_CONSTANT_CONVERSION = YES;
				CLANG_WARN_DEPRECATED_OBJC_IMPLEMENTATIONS = YES;
				CLANG_WARN_DIRECT_OBJC_ISA_USAGE = YES_ERROR;
				CLANG_WARN_DOCUMENTATION_COMMENTS = YES;
				CLANG_WARN_EMPTY_BODY = YES;
				CLANG_WARN_ENUM_CONVERSION = YES;
				CLANG_WARN_INFINITE_RECURSION = YES;
				CLANG_WARN_INT_CONVERSION = YES;
				CLANG_WARN_NON_LITERAL_NULL_CONVERSION = YES;
				CLANG_WARN_OBJC_IMPLICIT_RETAIN_SELF = YES;
				CLANG_WARN_OBJC_LITERAL_CONVERSION = YES;
				CLANG_WARN_OBJC_ROOT_CLASS = YES_ERROR;
				CLANG_WARN_RANGE_LOOP_ANALYSIS = YES;
				CLANG_WARN_STRICT_PROTOTYPES = YES;
				CLANG_WARN_SUSPICIOUS_MOVE = YES;
				CLANG_WARN_UNGUARDED_AVAILABILITY = YES_AGGRESSIVE;
				CLANG_WARN_UNREACHABLE_CODE = YES;
				CLANG_WARN__DUPLICATE_METHOD_MATCH = YES;
				COPY_PHASE_STRIP = NO;
				CURRENT_PROJECT_VERSION = 1;
				DEBUG_INFORMATION_FORMAT = "dwarf-with-dsym";
				ENABLE_NS_ASSERTIONS = NO;
				ENABLE_STRICT_OBJC_MSGSEND = YES;
				GCC_C_LANGUAGE_STANDARD = gnu11;
				GCC_NO_COMMON_BLOCKS = YES;
				GCC_WARN_64_TO_32_BIT_CONVERSION = YES;
				GCC_WARN_ABOUT_RETURN_TYPE = YES_ERROR;
				GCC_WARN_UNDECLARED_SELECTOR = YES;
				GCC_WARN_UNINITIALIZED_AUTOS = YES_AGGRESSIVE;
				GCC_WARN_UNUSED_FUNCTION = YES;
				GCC_WARN_UNUSED_VARIABLE = YES;
				IPHONEOS_DEPLOYMENT_TARGET = 11.0;
				MTL_ENABLE_DEBUG_INFO = NO;
				MTL_FAST_MATH = YES;
				SDKROOT = iphoneos;
				SWIFT_COMPILATION_MODE = wholemodule;
				SWIFT_OPTIMIZATION_LEVEL = "-O";
				VALIDATE_PRODUCT = YES;
				VERSIONING_SYSTEM = "apple-generic";
				VERSION_INFO_PREFIX = "";
			};
			name = Release;
		};
		53D7C37124A15C420048F45F /* Debug */ = {
			isa = XCBuildConfiguration;
			buildSettings = {
				CLANG_ENABLE_MODULES = YES;
				CODE_SIGN_STYLE = Automatic;
				DEFINES_MODULE = YES;
				DEVELOPMENT_TEAM = NB5Q9333BS;
				DYLIB_COMPATIBILITY_VERSION = 1;
				DYLIB_CURRENT_VERSION = 1;
				DYLIB_INSTALL_NAME_BASE = "@rpath";
				INFOPLIST_FILE = KSPinClusterManager/Info.plist;
				INSTALL_PATH = "$(LOCAL_LIBRARY_DIR)/Frameworks";
				LD_RUNPATH_SEARCH_PATHS = (
					"$(inherited)",
					"@executable_path/Frameworks",
					"@loader_path/Frameworks",
				);
				MARKETING_VERSION = 0.1.0;
				PRODUCT_BUNDLE_IDENTIFIER = com.keith27staines.KSPinClusterManager;
				PRODUCT_NAME = "$(TARGET_NAME:c99extidentifier)";
				SKIP_INSTALL = YES;
				SWIFT_OPTIMIZATION_LEVEL = "-Onone";
				SWIFT_VERSION = 5.0;
				TARGETED_DEVICE_FAMILY = "1,2";
			};
			name = Debug;
		};
		53D7C37224A15C420048F45F /* Release */ = {
			isa = XCBuildConfiguration;
			buildSettings = {
				CLANG_ENABLE_MODULES = YES;
				CODE_SIGN_STYLE = Automatic;
				DEFINES_MODULE = YES;
				DEVELOPMENT_TEAM = NB5Q9333BS;
				DYLIB_COMPATIBILITY_VERSION = 1;
				DYLIB_CURRENT_VERSION = 1;
				DYLIB_INSTALL_NAME_BASE = "@rpath";
				INFOPLIST_FILE = KSPinClusterManager/Info.plist;
				INSTALL_PATH = "$(LOCAL_LIBRARY_DIR)/Frameworks";
				LD_RUNPATH_SEARCH_PATHS = (
					"$(inherited)",
					"@executable_path/Frameworks",
					"@loader_path/Frameworks",
				);
				MARKETING_VERSION = 0.1.0;
				PRODUCT_BUNDLE_IDENTIFIER = com.keith27staines.KSPinClusterManager;
				PRODUCT_NAME = "$(TARGET_NAME:c99extidentifier)";
				SKIP_INSTALL = YES;
				SWIFT_VERSION = 5.0;
				TARGETED_DEVICE_FAMILY = "1,2";
			};
			name = Release;
		};
		53D7C37424A15C420048F45F /* Debug */ = {
			isa = XCBuildConfiguration;
			buildSettings = {
				ALWAYS_EMBED_SWIFT_STANDARD_LIBRARIES = YES;
				CODE_SIGN_STYLE = Automatic;
				DEVELOPMENT_TEAM = NB5Q9333BS;
				INFOPLIST_FILE = KSPinClusterManagerTests/Info.plist;
				LD_RUNPATH_SEARCH_PATHS = (
					"$(inherited)",
					"@executable_path/Frameworks",
					"@loader_path/Frameworks",
				);
				PRODUCT_BUNDLE_IDENTIFIER = com.keith27staines.KSPinClusterManagerTests;
				PRODUCT_NAME = "$(TARGET_NAME)";
				SWIFT_VERSION = 5.0;
				TARGETED_DEVICE_FAMILY = "1,2";
			};
			name = Debug;
		};
		53D7C37524A15C420048F45F /* Release */ = {
			isa = XCBuildConfiguration;
			buildSettings = {
				ALWAYS_EMBED_SWIFT_STANDARD_LIBRARIES = YES;
				CODE_SIGN_STYLE = Automatic;
				DEVELOPMENT_TEAM = NB5Q9333BS;
				INFOPLIST_FILE = KSPinClusterManagerTests/Info.plist;
				LD_RUNPATH_SEARCH_PATHS = (
					"$(inherited)",
					"@executable_path/Frameworks",
					"@loader_path/Frameworks",
				);
				PRODUCT_BUNDLE_IDENTIFIER = com.keith27staines.KSPinClusterManagerTests;
				PRODUCT_NAME = "$(TARGET_NAME)";
				SWIFT_VERSION = 5.0;
				TARGETED_DEVICE_FAMILY = "1,2";
			};
			name = Release;
		};
/* End XCBuildConfiguration section */

/* Begin XCConfigurationList section */
		53D7C35624A15C420048F45F /* Build configuration list for PBXProject "KSPinClusterManager" */ = {
			isa = XCConfigurationList;
			buildConfigurations = (
				53D7C36E24A15C420048F45F /* Debug */,
				53D7C36F24A15C420048F45F /* Release */,
			);
			defaultConfigurationIsVisible = 0;
			defaultConfigurationName = Release;
		};
		53D7C37024A15C420048F45F /* Build configuration list for PBXNativeTarget "KSPinClusterManager" */ = {
			isa = XCConfigurationList;
			buildConfigurations = (
				53D7C37124A15C420048F45F /* Debug */,
				53D7C37224A15C420048F45F /* Release */,
			);
			defaultConfigurationIsVisible = 0;
			defaultConfigurationName = Release;
		};
		53D7C37324A15C420048F45F /* Build configuration list for PBXNativeTarget "KSPinClusterManagerTests" */ = {
			isa = XCConfigurationList;
			buildConfigurations = (
				53D7C37424A15C420048F45F /* Debug */,
				53D7C37524A15C420048F45F /* Release */,
			);
			defaultConfigurationIsVisible = 0;
			defaultConfigurationName = Release;
		};
/* End XCConfigurationList section */
	};
	rootObject = 53D7C35324A15C420048F45F /* Project object */;
}
